
Microsoft Visual Studio Solution File, Format Version 12.00
# Visual Studio Version 17
VisualStudioVersion = 17.11.35312.102
MinimumVisualStudioVersion = 10.0.40219.1
Project("{9A19103F-16F7-4668-BE54-9A1E7A4F7556}") = "Bookstore", "Bookstore.csproj", "{5524F3F9-C0B3-41F5-8451-ED24A5C62AD0}"
EndProject
Project("{FAE04EC0-301F-11D3-BF4B-00C04F79EFBC}") = "Bookstore_RazorTmp", "..\Bookstore_RazorTmp\Bookstore_RazorTmp.csproj", "{F24D2469-86DF-425C-872D-AD382DC81285}"
EndProject
Global
	GlobalSection(SolutionConfigurationPlatforms) = preSolution
		Debug|Any CPU = Debug|Any CPU
		Release|Any CPU = Release|Any CPU
	EndGlobalSection
	GlobalSection(ProjectConfigurationPlatforms) = postSolution
		{5524F3F9-C0B3-41F5-8451-ED24A5C62AD0}.Debug|Any CPU.ActiveCfg = Debug|Any CPU
		{5524F3F9-C0B3-41F5-8451-ED24A5C62AD0}.Debug|Any CPU.Build.0 = Debug|Any CPU
		{5524F3F9-C0B3-41F5-8451-ED24A5C62AD0}.Release|Any CPU.ActiveCfg = Release|Any CPU
		{5524F3F9-C0B3-41F5-8451-ED24A5C62AD0}.Release|Any CPU.Build.0 = Release|Any CPU
		{F24D2469-86DF-425C-872D-AD382DC81285}.Debug|Any CPU.ActiveCfg = Debug|Any CPU
		{F24D2469-86DF-425C-872D-AD382DC81285}.Debug|Any CPU.Build.0 = Debug|Any CPU
		{F24D2469-86DF-425C-872D-AD382DC81285}.Release|Any CPU.ActiveCfg = Release|Any CPU
		{F24D2469-86DF-425C-872D-AD382DC81285}.Release|Any CPU.Build.0 = Release|Any CPU
	EndGlobalSection
	GlobalSection(SolutionProperties) = preSolution
		HideSolutionNode = FALSE
	EndGlobalSection
	GlobalSection(ExtensibilityGlobals) = postSolution
		SolutionGuid = {1A22A263-C503-4170-9A56-384B1EBFC967}
	EndGlobalSection
EndGlobal
